
Microsoft Visual Studio Solution File, Format Version 12.00
# Visual Studio Version 17
VisualStudioVersion = 17.0.31423.177
MinimumVisualStudioVersion = 10.0.40219.1
Project("{FAE04EC0-301F-11D3-BF4B-00C04F79EFBC}") = "Hangman", "Hangman\Hangman.csproj", "{752B2B26-044D-4549-A911-4A578B6C95DC}"
EndProject
Global
	GlobalSection(SolutionConfigurationPlatforms) = preSolution
		Debug|Any CPU = Debug|Any CPU
		Release|Any CPU = Release|Any CPU
	EndGlobalSection
	GlobalSection(ProjectConfigurationPlatforms) = postSolution
		{752B2B26-044D-4549-A911-4A578B6C95DC}.Debug|Any CPU.ActiveCfg = Debug|Any CPU
		{752B2B26-044D-4549-A911-4A578B6C95DC}.Debug|Any CPU.Build.0 = Debug|Any CPU
		{752B2B26-044D-4549-A911-4A578B6C95DC}.Release|Any CPU.ActiveCfg = Release|Any CPU
		{752B2B26-044D-4549-A911-4A578B6C95DC}.Release|Any CPU.Build.0 = Release|Any CPU
	EndGlobalSection
	GlobalSection(SolutionProperties) = preSolution
		HideSolutionNode = FALSE
	EndGlobalSection
	GlobalSection(ExtensibilityGlobals) = postSolution
		SolutionGuid = {46C73CA7-C8E2-4CEA-AFA1-332C9F7B7EC5}
	EndGlobalSection
EndGlobal
